
Microsoft Visual Studio Solution File, Format Version 12.00
# Visual Studio Version 17
VisualStudioVersion = 17.1.32414.318
MinimumVisualStudioVersion = 10.0.40219.1
Project("{FAE04EC0-301F-11D3-BF4B-00C04F79EFBC}") = "MathTaskClassLibrary", "MathTaskClassLibrary1\MathTaskClassLibrary.csproj", "{677E38F6-23C7-4273-B83B-BB1D38A2A238}"
EndProject
Project("{FAE04EC0-301F-11D3-BF4B-00C04F79EFBC}") = "MathTaskClassLibraryTests", "MathTaskClassLibraryTests\MathTaskClassLibraryTests.csproj", "{4B8AB07E-3CF0-4D79-9C93-939808125118}"
EndProject
Project("{FAE04EC0-301F-11D3-BF4B-00C04F79EFBC}") = "PiCheck", "PiCheck\PiCheck.csproj", "{634D0BEA-1821-4673-9DC0-FFC89F615070}"
EndProject
Global
	GlobalSection(SolutionConfigurationPlatforms) = preSolution
		Debug|Any CPU = Debug|Any CPU
		Release|Any CPU = Release|Any CPU
	EndGlobalSection
	GlobalSection(ProjectConfigurationPlatforms) = postSolution
		{677E38F6-23C7-4273-B83B-BB1D38A2A238}.Debug|Any CPU.ActiveCfg = Debug|Any CPU
		{677E38F6-23C7-4273-B83B-BB1D38A2A238}.Debug|Any CPU.Build.0 = Debug|Any CPU
		{677E38F6-23C7-4273-B83B-BB1D38A2A238}.Release|Any CPU.ActiveCfg = Release|Any CPU
		{677E38F6-23C7-4273-B83B-BB1D38A2A238}.Release|Any CPU.Build.0 = Release|Any CPU
		{4B8AB07E-3CF0-4D79-9C93-939808125118}.Debug|Any CPU.ActiveCfg = Debug|Any CPU
		{4B8AB07E-3CF0-4D79-9C93-939808125118}.Debug|Any CPU.Build.0 = Debug|Any CPU
		{4B8AB07E-3CF0-4D79-9C93-939808125118}.Release|Any CPU.ActiveCfg = Release|Any CPU
		{4B8AB07E-3CF0-4D79-9C93-939808125118}.Release|Any CPU.Build.0 = Release|Any CPU
		{634D0BEA-1821-4673-9DC0-FFC89F615070}.Debug|Any CPU.ActiveCfg = Debug|Any CPU
		{634D0BEA-1821-4673-9DC0-FFC89F615070}.Debug|Any CPU.Build.0 = Debug|Any CPU
		{634D0BEA-1821-4673-9DC0-FFC89F615070}.Release|Any CPU.ActiveCfg = Release|Any CPU
		{634D0BEA-1821-4673-9DC0-FFC89F615070}.Release|Any CPU.Build.0 = Release|Any CPU
	EndGlobalSection
	GlobalSection(SolutionProperties) = preSolution
		HideSolutionNode = FALSE
	EndGlobalSection
	GlobalSection(ExtensibilityGlobals) = postSolution
		SolutionGuid = {0D338D0A-0100-4AD5-9525-98B3A03EE031}
	EndGlobalSection
EndGlobal
